// !$*UTF8*$!
{
	archiveVersion = 1;
	classes = {
	};
	objectVersion = 51;
	objects = {

/* Begin PBXBuildFile section */
		1D8EBA5824364CBB009EB9F3 /* AppDelegate.swift in Sources */ = {isa = PBXBuildFile; fileRef = 1D8EBA5724364CBB009EB9F3 /* AppDelegate.swift */; };
		1D8EBA5A24364CBB009EB9F3 /* SceneDelegate.swift in Sources */ = {isa = PBXBuildFile; fileRef = 1D8EBA5924364CBB009EB9F3 /* SceneDelegate.swift */; };
		1D8EBA5C24364CBB009EB9F3 /* ContentView.swift in Sources */ = {isa = PBXBuildFile; fileRef = 1D8EBA5B24364CBB009EB9F3 /* ContentView.swift */; };
		1D8EBA5E24364CBE009EB9F3 /* Assets.xcassets in Resources */ = {isa = PBXBuildFile; fileRef = 1D8EBA5D24364CBE009EB9F3 /* Assets.xcassets */; };
		1D8EBA6124364CBE009EB9F3 /* Preview Assets.xcassets in Resources */ = {isa = PBXBuildFile; fileRef = 1D8EBA6024364CBE009EB9F3 /* Preview Assets.xcassets */; };
		1D8EBA6424364CBE009EB9F3 /* LaunchScreen.storyboard in Resources */ = {isa = PBXBuildFile; fileRef = 1D8EBA6224364CBE009EB9F3 /* LaunchScreen.storyboard */; };
		1D8EBA6F24364CBE009EB9F3 /* SocialMediaAppTests.swift in Sources */ = {isa = PBXBuildFile; fileRef = 1D8EBA6E24364CBE009EB9F3 /* SocialMediaAppTests.swift */; };
		1D8EBA7A24364CBE009EB9F3 /* SocialMediaAppUITests.swift in Sources */ = {isa = PBXBuildFile; fileRef = 1D8EBA7924364CBE009EB9F3 /* SocialMediaAppUITests.swift */; };
		1D8EBA8824365DF3009EB9F3 /* GoogleService-Info.plist in Resources */ = {isa = PBXBuildFile; fileRef = 1D8EBA8724365DF3009EB9F3 /* GoogleService-Info.plist */; };
		1D8EBA8A24365F4D009EB9F3 /* SignInView.swift in Sources */ = {isa = PBXBuildFile; fileRef = 1D8EBA8924365F4D009EB9F3 /* SignInView.swift */; };
		1D8EBA8C24379F5C009EB9F3 /* RealmData.swift in Sources */ = {isa = PBXBuildFile; fileRef = 1D8EBA8B24379F5C009EB9F3 /* RealmData.swift */; };
		1D8EBA8E2437D025009EB9F3 /* TabViewController.swift in Sources */ = {isa = PBXBuildFile; fileRef = 1D8EBA8D2437D025009EB9F3 /* TabViewController.swift */; };
		1D8EBA902437D303009EB9F3 /* Pods_SocialMediaApp.framework in Embed Frameworks */ = {isa = PBXBuildFile; fileRef = B4D0CEA95F5582D52DCCDCB8 /* Pods_SocialMediaApp.framework */; settings = {ATTRIBUTES = (CodeSignOnCopy, RemoveHeadersOnCopy, ); }; };
		1D9AB3D7243B935200AB2FFA /* ImageLoader.swift in Sources */ = {isa = PBXBuildFile; fileRef = 1D9AB3D6243B935200AB2FFA /* ImageLoader.swift */; };
		1D9AB41D243D1F4300AB2FFA /* MediaView.swift in Sources */ = {isa = PBXBuildFile; fileRef = 1D9AB41C243D1F4300AB2FFA /* MediaView.swift */; };
		1D9AB41F243D213300AB2FFA /* imageCollectionView.swift in Sources */ = {isa = PBXBuildFile; fileRef = 1D9AB41E243D213300AB2FFA /* imageCollectionView.swift */; };
		1D9AB421243E567A00AB2FFA /* Grid.swift in Sources */ = {isa = PBXBuildFile; fileRef = 1D9AB420243E567A00AB2FFA /* Grid.swift */; };
		1DDF67B624390FEE0021A377 /* ProfileView.swift in Sources */ = {isa = PBXBuildFile; fileRef = 1DDF67B524390FEE0021A377 /* ProfileView.swift */; };
		1DDF67B8243910220021A377 /* ExploreView.swift in Sources */ = {isa = PBXBuildFile; fileRef = 1DDF67B7243910220021A377 /* ExploreView.swift */; };
		1DDF67BA2439103D0021A377 /* CreatePostView.swift in Sources */ = {isa = PBXBuildFile; fileRef = 1DDF67B92439103D0021A377 /* CreatePostView.swift */; };
		1DDF67BC243910590021A377 /* NotificationView.swift in Sources */ = {isa = PBXBuildFile; fileRef = 1DDF67BB243910590021A377 /* NotificationView.swift */; };
		22B5A381CA314BCD00CD2222 /* Pods_SocialMediaApp_SocialMediaAppUITests.framework in Frameworks */ = {isa = PBXBuildFile; fileRef = CB50FA3814386A0AF7FAD37D /* Pods_SocialMediaApp_SocialMediaAppUITests.framework */; };
		D023A25D35DE50EE35A8170F /* Pods_SocialMediaAppTests.framework in Frameworks */ = {isa = PBXBuildFile; fileRef = 18334B677A454EF323A738D8 /* Pods_SocialMediaAppTests.framework */; };
		E8918066F05D68B4CAF64778 /* Pods_SocialMediaApp.framework in Frameworks */ = {isa = PBXBuildFile; fileRef = C7EE5F4C516A746E39C5B673 /* Pods_SocialMediaApp.framework */; };
/* End PBXBuildFile section */

/* Begin PBXContainerItemProxy section */
		1D8EBA6B24364CBE009EB9F3 /* PBXContainerItemProxy */ = {
			isa = PBXContainerItemProxy;
			containerPortal = 1D8EBA4C24364CBB009EB9F3 /* Project object */;
			proxyType = 1;
			remoteGlobalIDString = 1D8EBA5324364CBB009EB9F3;
			remoteInfo = SocialMediaApp;
		};
		1D8EBA7624364CBE009EB9F3 /* PBXContainerItemProxy */ = {
			isa = PBXContainerItemProxy;
			containerPortal = 1D8EBA4C24364CBB009EB9F3 /* Project object */;
			proxyType = 1;
			remoteGlobalIDString = 1D8EBA5324364CBB009EB9F3;
			remoteInfo = SocialMediaApp;
		};
/* End PBXContainerItemProxy section */

/* Begin PBXCopyFilesBuildPhase section */
		1D8EBA912437D303009EB9F3 /* Embed Frameworks */ = {
			isa = PBXCopyFilesBuildPhase;
			buildActionMask = 2147483647;
			dstPath = "";
			dstSubfolderSpec = 10;
			files = (
				1D8EBA902437D303009EB9F3 /* Pods_SocialMediaApp.framework in Embed Frameworks */,
			);
			name = "Embed Frameworks";
			runOnlyForDeploymentPostprocessing = 0;
		};
/* End PBXCopyFilesBuildPhase section */

/* Begin PBXFileReference section */
		02C8A0C53F9D7F8D3F056D77 /* Pods-SocialMediaAppTests.release.xcconfig */ = {isa = PBXFileReference; includeInIndex = 1; lastKnownFileType = text.xcconfig; name = "Pods-SocialMediaAppTests.release.xcconfig"; path = "Target Support Files/Pods-SocialMediaAppTests/Pods-SocialMediaAppTests.release.xcconfig"; sourceTree = "<group>"; };
		18334B677A454EF323A738D8 /* Pods_SocialMediaAppTests.framework */ = {isa = PBXFileReference; explicitFileType = wrapper.framework; includeInIndex = 0; path = Pods_SocialMediaAppTests.framework; sourceTree = BUILT_PRODUCTS_DIR; };
		1D8EBA5424364CBB009EB9F3 /* SocialMediaApp.app */ = {isa = PBXFileReference; explicitFileType = wrapper.application; includeInIndex = 0; path = SocialMediaApp.app; sourceTree = BUILT_PRODUCTS_DIR; };
		1D8EBA5724364CBB009EB9F3 /* AppDelegate.swift */ = {isa = PBXFileReference; lastKnownFileType = sourcecode.swift; path = AppDelegate.swift; sourceTree = "<group>"; };
		1D8EBA5924364CBB009EB9F3 /* SceneDelegate.swift */ = {isa = PBXFileReference; lastKnownFileType = sourcecode.swift; path = SceneDelegate.swift; sourceTree = "<group>"; };
		1D8EBA5B24364CBB009EB9F3 /* ContentView.swift */ = {isa = PBXFileReference; lastKnownFileType = sourcecode.swift; path = ContentView.swift; sourceTree = "<group>"; };
		1D8EBA5D24364CBE009EB9F3 /* Assets.xcassets */ = {isa = PBXFileReference; lastKnownFileType = folder.assetcatalog; path = Assets.xcassets; sourceTree = "<group>"; };
		1D8EBA6024364CBE009EB9F3 /* Preview Assets.xcassets */ = {isa = PBXFileReference; lastKnownFileType = folder.assetcatalog; path = "Preview Assets.xcassets"; sourceTree = "<group>"; };
		1D8EBA6324364CBE009EB9F3 /* Base */ = {isa = PBXFileReference; lastKnownFileType = file.storyboard; name = Base; path = Base.lproj/LaunchScreen.storyboard; sourceTree = "<group>"; };
		1D8EBA6524364CBE009EB9F3 /* Info.plist */ = {isa = PBXFileReference; lastKnownFileType = text.plist.xml; path = Info.plist; sourceTree = "<group>"; };
		1D8EBA6A24364CBE009EB9F3 /* SocialMediaAppTests.xctest */ = {isa = PBXFileReference; explicitFileType = wrapper.cfbundle; includeInIndex = 0; path = SocialMediaAppTests.xctest; sourceTree = BUILT_PRODUCTS_DIR; };
		1D8EBA6E24364CBE009EB9F3 /* SocialMediaAppTests.swift */ = {isa = PBXFileReference; lastKnownFileType = sourcecode.swift; path = SocialMediaAppTests.swift; sourceTree = "<group>"; };
		1D8EBA7024364CBE009EB9F3 /* Info.plist */ = {isa = PBXFileReference; lastKnownFileType = text.plist.xml; path = Info.plist; sourceTree = "<group>"; };
		1D8EBA7524364CBE009EB9F3 /* SocialMediaAppUITests.xctest */ = {isa = PBXFileReference; explicitFileType = wrapper.cfbundle; includeInIndex = 0; path = SocialMediaAppUITests.xctest; sourceTree = BUILT_PRODUCTS_DIR; };
		1D8EBA7924364CBE009EB9F3 /* SocialMediaAppUITests.swift */ = {isa = PBXFileReference; lastKnownFileType = sourcecode.swift; path = SocialMediaAppUITests.swift; sourceTree = "<group>"; };
		1D8EBA7B24364CBE009EB9F3 /* Info.plist */ = {isa = PBXFileReference; lastKnownFileType = text.plist.xml; path = Info.plist; sourceTree = "<group>"; };
		1D8EBA8724365DF3009EB9F3 /* GoogleService-Info.plist */ = {isa = PBXFileReference; fileEncoding = 4; lastKnownFileType = text.plist.xml; path = "GoogleService-Info.plist"; sourceTree = "<group>"; };
		1D8EBA8924365F4D009EB9F3 /* SignInView.swift */ = {isa = PBXFileReference; lastKnownFileType = sourcecode.swift; path = SignInView.swift; sourceTree = "<group>"; };
		1D8EBA8B24379F5C009EB9F3 /* RealmData.swift */ = {isa = PBXFileReference; lastKnownFileType = sourcecode.swift; path = RealmData.swift; sourceTree = "<group>"; };
		1D8EBA8D2437D025009EB9F3 /* TabViewController.swift */ = {isa = PBXFileReference; lastKnownFileType = sourcecode.swift; path = TabViewController.swift; sourceTree = "<group>"; };
		1D9AB3D6243B935200AB2FFA /* ImageLoader.swift */ = {isa = PBXFileReference; lastKnownFileType = sourcecode.swift; path = ImageLoader.swift; sourceTree = "<group>"; };
		1D9AB41C243D1F4300AB2FFA /* MediaView.swift */ = {isa = PBXFileReference; lastKnownFileType = sourcecode.swift; path = MediaView.swift; sourceTree = "<group>"; };
		1D9AB41E243D213300AB2FFA /* imageCollectionView.swift */ = {isa = PBXFileReference; fileEncoding = 4; lastKnownFileType = sourcecode.swift; path = imageCollectionView.swift; sourceTree = "<group>"; };
		1D9AB420243E567A00AB2FFA /* Grid.swift */ = {isa = PBXFileReference; lastKnownFileType = sourcecode.swift; path = Grid.swift; sourceTree = "<group>"; };
		1DDF67B524390FEE0021A377 /* ProfileView.swift */ = {isa = PBXFileReference; lastKnownFileType = sourcecode.swift; path = ProfileView.swift; sourceTree = "<group>"; };
		1DDF67B7243910220021A377 /* ExploreView.swift */ = {isa = PBXFileReference; lastKnownFileType = sourcecode.swift; path = ExploreView.swift; sourceTree = "<group>"; };
		1DDF67B92439103D0021A377 /* CreatePostView.swift */ = {isa = PBXFileReference; lastKnownFileType = sourcecode.swift; path = CreatePostView.swift; sourceTree = "<group>"; };
		1DDF67BB243910590021A377 /* NotificationView.swift */ = {isa = PBXFileReference; lastKnownFileType = sourcecode.swift; path = NotificationView.swift; sourceTree = "<group>"; };
		7AAE49033D422E927BD9BC91 /* Pods-SocialMediaAppTests.debug.xcconfig */ = {isa = PBXFileReference; includeInIndex = 1; lastKnownFileType = text.xcconfig; name = "Pods-SocialMediaAppTests.debug.xcconfig"; path = "Target Support Files/Pods-SocialMediaAppTests/Pods-SocialMediaAppTests.debug.xcconfig"; sourceTree = "<group>"; };
		B2F84E45C686E2BE1EFE6DEC /* Pods-SocialMediaApp.release.xcconfig */ = {isa = PBXFileReference; includeInIndex = 1; lastKnownFileType = text.xcconfig; name = "Pods-SocialMediaApp.release.xcconfig"; path = "Target Support Files/Pods-SocialMediaApp/Pods-SocialMediaApp.release.xcconfig"; sourceTree = "<group>"; };
		B4D0CEA95F5582D52DCCDCB8 /* Pods_SocialMediaApp.framework */ = {isa = PBXFileReference; explicitFileType = wrapper.framework; includeInIndex = 0; path = Pods_SocialMediaApp.framework; sourceTree = BUILT_PRODUCTS_DIR; };
		BE3B9A0E71C80574C5651765 /* Pods-SocialMediaApp-SocialMediaAppUITests.release.xcconfig */ = {isa = PBXFileReference; includeInIndex = 1; lastKnownFileType = text.xcconfig; name = "Pods-SocialMediaApp-SocialMediaAppUITests.release.xcconfig"; path = "Target Support Files/Pods-SocialMediaApp-SocialMediaAppUITests/Pods-SocialMediaApp-SocialMediaAppUITests.release.xcconfig"; sourceTree = "<group>"; };
		C530C6E78C59E09AA4CCEF36 /* Pods-SocialMediaApp.debug.xcconfig */ = {isa = PBXFileReference; includeInIndex = 1; lastKnownFileType = text.xcconfig; name = "Pods-SocialMediaApp.debug.xcconfig"; path = "Target Support Files/Pods-SocialMediaApp/Pods-SocialMediaApp.debug.xcconfig"; sourceTree = "<group>"; };
		C7EE5F4C516A746E39C5B673 /* Pods_SocialMediaApp.framework */ = {isa = PBXFileReference; explicitFileType = wrapper.framework; includeInIndex = 0; path = Pods_SocialMediaApp.framework; sourceTree = BUILT_PRODUCTS_DIR; };
		CB50FA3814386A0AF7FAD37D /* Pods_SocialMediaApp_SocialMediaAppUITests.framework */ = {isa = PBXFileReference; explicitFileType = wrapper.framework; includeInIndex = 0; path = Pods_SocialMediaApp_SocialMediaAppUITests.framework; sourceTree = BUILT_PRODUCTS_DIR; };
		E55D7C0A73C96BE5E332FDCB /* Pods-SocialMediaApp-SocialMediaAppUITests.debug.xcconfig */ = {isa = PBXFileReference; includeInIndex = 1; lastKnownFileType = text.xcconfig; name = "Pods-SocialMediaApp-SocialMediaAppUITests.debug.xcconfig"; path = "Target Support Files/Pods-SocialMediaApp-SocialMediaAppUITests/Pods-SocialMediaApp-SocialMediaAppUITests.debug.xcconfig"; sourceTree = "<group>"; };
/* End PBXFileReference section */

/* Begin PBXFrameworksBuildPhase section */
		1D8EBA5124364CBB009EB9F3 /* Frameworks */ = {
			isa = PBXFrameworksBuildPhase;
			buildActionMask = 2147483647;
			files = (
				E8918066F05D68B4CAF64778 /* Pods_SocialMediaApp.framework in Frameworks */,
			);
			runOnlyForDeploymentPostprocessing = 0;
		};
		1D8EBA6724364CBE009EB9F3 /* Frameworks */ = {
			isa = PBXFrameworksBuildPhase;
			buildActionMask = 2147483647;
			files = (
				D023A25D35DE50EE35A8170F /* Pods_SocialMediaAppTests.framework in Frameworks */,
			);
			runOnlyForDeploymentPostprocessing = 0;
		};
		1D8EBA7224364CBE009EB9F3 /* Frameworks */ = {
			isa = PBXFrameworksBuildPhase;
			buildActionMask = 2147483647;
			files = (
				22B5A381CA314BCD00CD2222 /* Pods_SocialMediaApp_SocialMediaAppUITests.framework in Frameworks */,
			);
			runOnlyForDeploymentPostprocessing = 0;
		};
/* End PBXFrameworksBuildPhase section */

/* Begin PBXGroup section */
		1D8EBA4B24364CBB009EB9F3 = {
			isa = PBXGroup;
			children = (
				1D8EBA5624364CBB009EB9F3 /* SocialMediaApp */,
				1D8EBA6D24364CBE009EB9F3 /* SocialMediaAppTests */,
				1D8EBA7824364CBE009EB9F3 /* SocialMediaAppUITests */,
				1D8EBA5524364CBB009EB9F3 /* Products */,
				D0EB0F966FC06D77F7201F71 /* Pods */,
				E90DBDDADC4C510D6D01B034 /* Frameworks */,
				1DDF67B42438CA4B0021A377 /* Recovered References */,
			);
			sourceTree = "<group>";
		};
		1D8EBA5524364CBB009EB9F3 /* Products */ = {
			isa = PBXGroup;
			children = (
				1D8EBA5424364CBB009EB9F3 /* SocialMediaApp.app */,
				1D8EBA6A24364CBE009EB9F3 /* SocialMediaAppTests.xctest */,
				1D8EBA7524364CBE009EB9F3 /* SocialMediaAppUITests.xctest */,
			);
			name = Products;
			sourceTree = "<group>";
		};
		1D8EBA5624364CBB009EB9F3 /* SocialMediaApp */ = {
			isa = PBXGroup;
			children = (
				1D8EBA5724364CBB009EB9F3 /* AppDelegate.swift */,
				1D8EBA5924364CBB009EB9F3 /* SceneDelegate.swift */,
				1D8EBA8B24379F5C009EB9F3 /* RealmData.swift */,
				1D8EBA5B24364CBB009EB9F3 /* ContentView.swift */,
				1D9AB41C243D1F4300AB2FFA /* MediaView.swift */,
				1D9AB420243E567A00AB2FFA /* Grid.swift */,
				1D9AB41E243D213300AB2FFA /* imageCollectionView.swift */,
				1D9AB3D6243B935200AB2FFA /* ImageLoader.swift */,
				1D8EBA8D2437D025009EB9F3 /* TabViewController.swift */,
				1DDF67B524390FEE0021A377 /* ProfileView.swift */,
				1DDF67B7243910220021A377 /* ExploreView.swift */,
				1DDF67B92439103D0021A377 /* CreatePostView.swift */,
				1DDF67BB243910590021A377 /* NotificationView.swift */,
				1D8EBA8924365F4D009EB9F3 /* SignInView.swift */,
				1D8EBA5D24364CBE009EB9F3 /* Assets.xcassets */,
				1D8EBA6224364CBE009EB9F3 /* LaunchScreen.storyboard */,
				1D8EBA6524364CBE009EB9F3 /* Info.plist */,
				1D8EBA5F24364CBE009EB9F3 /* Preview Content */,
			);
			path = SocialMediaApp;
			sourceTree = "<group>";
		};
		1D8EBA5F24364CBE009EB9F3 /* Preview Content */ = {
			isa = PBXGroup;
			children = (
				1D8EBA8724365DF3009EB9F3 /* GoogleService-Info.plist */,
				1D8EBA6024364CBE009EB9F3 /* Preview Assets.xcassets */,
			);
			path = "Preview Content";
			sourceTree = "<group>";
		};
		1D8EBA6D24364CBE009EB9F3 /* SocialMediaAppTests */ = {
			isa = PBXGroup;
			children = (
				1D8EBA6E24364CBE009EB9F3 /* SocialMediaAppTests.swift */,
				1D8EBA7024364CBE009EB9F3 /* Info.plist */,
			);
			path = SocialMediaAppTests;
			sourceTree = "<group>";
		};
		1D8EBA7824364CBE009EB9F3 /* SocialMediaAppUITests */ = {
			isa = PBXGroup;
			children = (
				1D8EBA7924364CBE009EB9F3 /* SocialMediaAppUITests.swift */,
				1D8EBA7B24364CBE009EB9F3 /* Info.plist */,
			);
			path = SocialMediaAppUITests;
			sourceTree = "<group>";
		};
		1DDF67B42438CA4B0021A377 /* Recovered References */ = {
			isa = PBXGroup;
			children = (
				B4D0CEA95F5582D52DCCDCB8 /* Pods_SocialMediaApp.framework */,
			);
			name = "Recovered References";
			sourceTree = "<group>";
		};
		D0EB0F966FC06D77F7201F71 /* Pods */ = {
			isa = PBXGroup;
			children = (
				C530C6E78C59E09AA4CCEF36 /* Pods-SocialMediaApp.debug.xcconfig */,
				B2F84E45C686E2BE1EFE6DEC /* Pods-SocialMediaApp.release.xcconfig */,
				E55D7C0A73C96BE5E332FDCB /* Pods-SocialMediaApp-SocialMediaAppUITests.debug.xcconfig */,
				BE3B9A0E71C80574C5651765 /* Pods-SocialMediaApp-SocialMediaAppUITests.release.xcconfig */,
				7AAE49033D422E927BD9BC91 /* Pods-SocialMediaAppTests.debug.xcconfig */,
				02C8A0C53F9D7F8D3F056D77 /* Pods-SocialMediaAppTests.release.xcconfig */,
			);
			path = Pods;
			sourceTree = "<group>";
		};
		E90DBDDADC4C510D6D01B034 /* Frameworks */ = {
			isa = PBXGroup;
			children = (
				C7EE5F4C516A746E39C5B673 /* Pods_SocialMediaApp.framework */,
				CB50FA3814386A0AF7FAD37D /* Pods_SocialMediaApp_SocialMediaAppUITests.framework */,
				18334B677A454EF323A738D8 /* Pods_SocialMediaAppTests.framework */,
			);
			name = Frameworks;
			sourceTree = "<group>";
		};
/* End PBXGroup section */

/* Begin PBXNativeTarget section */
		1D8EBA5324364CBB009EB9F3 /* SocialMediaApp */ = {
			isa = PBXNativeTarget;
			buildConfigurationList = 1D8EBA7E24364CBE009EB9F3 /* Build configuration list for PBXNativeTarget "SocialMediaApp" */;
			buildPhases = (
				5D391012D9BC2408F2015AF2 /* [CP] Check Pods Manifest.lock */,
				1D8EBA5024364CBB009EB9F3 /* Sources */,
				1D8EBA5124364CBB009EB9F3 /* Frameworks */,
				1D8EBA5224364CBB009EB9F3 /* Resources */,
				1D8EBA912437D303009EB9F3 /* Embed Frameworks */,
				4F315A145B1E7885251F9698 /* [CP] Embed Pods Frameworks */,
			);
			buildRules = (
			);
			dependencies = (
			);
			name = SocialMediaApp;
			productName = SocialMediaApp;
			productReference = 1D8EBA5424364CBB009EB9F3 /* SocialMediaApp.app */;
			productType = "com.apple.product-type.application";
		};
		1D8EBA6924364CBE009EB9F3 /* SocialMediaAppTests */ = {
			isa = PBXNativeTarget;
			buildConfigurationList = 1D8EBA8124364CBE009EB9F3 /* Build configuration list for PBXNativeTarget "SocialMediaAppTests" */;
			buildPhases = (
				3CAA5ADD966F9035D14346E3 /* [CP] Check Pods Manifest.lock */,
				1D8EBA6624364CBE009EB9F3 /* Sources */,
				1D8EBA6724364CBE009EB9F3 /* Frameworks */,
				1D8EBA6824364CBE009EB9F3 /* Resources */,
			);
			buildRules = (
			);
			dependencies = (
				1D8EBA6C24364CBE009EB9F3 /* PBXTargetDependency */,
			);
			name = SocialMediaAppTests;
			productName = SocialMediaAppTests;
			productReference = 1D8EBA6A24364CBE009EB9F3 /* SocialMediaAppTests.xctest */;
			productType = "com.apple.product-type.bundle.unit-test";
		};
		1D8EBA7424364CBE009EB9F3 /* SocialMediaAppUITests */ = {
			isa = PBXNativeTarget;
			buildConfigurationList = 1D8EBA8424364CBE009EB9F3 /* Build configuration list for PBXNativeTarget "SocialMediaAppUITests" */;
			buildPhases = (
				9DE19C1D6DB5D3970A2A9ACC /* [CP] Check Pods Manifest.lock */,
				1D8EBA7124364CBE009EB9F3 /* Sources */,
				1D8EBA7224364CBE009EB9F3 /* Frameworks */,
				1D8EBA7324364CBE009EB9F3 /* Resources */,
				E79E227A94BE4DAD91AB7423 /* [CP] Embed Pods Frameworks */,
			);
			buildRules = (
			);
			dependencies = (
				1D8EBA7724364CBE009EB9F3 /* PBXTargetDependency */,
			);
			name = SocialMediaAppUITests;
			productName = SocialMediaAppUITests;
			productReference = 1D8EBA7524364CBE009EB9F3 /* SocialMediaAppUITests.xctest */;
			productType = "com.apple.product-type.bundle.ui-testing";
		};
/* End PBXNativeTarget section */

/* Begin PBXProject section */
		1D8EBA4C24364CBB009EB9F3 /* Project object */ = {
			isa = PBXProject;
			attributes = {
				LastSwiftUpdateCheck = 1140;
				LastUpgradeCheck = 1140;
				ORGANIZATIONNAME = "Davidson Family";
				TargetAttributes = {
					1D8EBA5324364CBB009EB9F3 = {
						CreatedOnToolsVersion = 11.4;
					};
					1D8EBA6924364CBE009EB9F3 = {
						CreatedOnToolsVersion = 11.4;
						TestTargetID = 1D8EBA5324364CBB009EB9F3;
					};
					1D8EBA7424364CBE009EB9F3 = {
						CreatedOnToolsVersion = 11.4;
						TestTargetID = 1D8EBA5324364CBB009EB9F3;
					};
				};
			};
			buildConfigurationList = 1D8EBA4F24364CBB009EB9F3 /* Build configuration list for PBXProject "SocialMediaApp" */;
			compatibilityVersion = "Xcode 9.3";
			developmentRegion = en;
			hasScannedForEncodings = 0;
			knownRegions = (
				en,
				Base,
			);
			mainGroup = 1D8EBA4B24364CBB009EB9F3;
			productRefGroup = 1D8EBA5524364CBB009EB9F3 /* Products */;
			projectDirPath = "";
			projectRoot = "";
			targets = (
				1D8EBA5324364CBB009EB9F3 /* SocialMediaApp */,
				1D8EBA6924364CBE009EB9F3 /* SocialMediaAppTests */,
				1D8EBA7424364CBE009EB9F3 /* SocialMediaAppUITests */,
			);
		};
/* End PBXProject section */

/* Begin PBXResourcesBuildPhase section */
		1D8EBA5224364CBB009EB9F3 /* Resources */ = {
			isa = PBXResourcesBuildPhase;
			buildActionMask = 2147483647;
			files = (
				1D8EBA6424364CBE009EB9F3 /* LaunchScreen.storyboard in Resources */,
				1D8EBA8824365DF3009EB9F3 /* GoogleService-Info.plist in Resources */,
				1D8EBA6124364CBE009EB9F3 /* Preview Assets.xcassets in Resources */,
				1D8EBA5E24364CBE009EB9F3 /* Assets.xcassets in Resources */,
			);
			runOnlyForDeploymentPostprocessing = 0;
		};
		1D8EBA6824364CBE009EB9F3 /* Resources */ = {
			isa = PBXResourcesBuildPhase;
			buildActionMask = 2147483647;
			files = (
			);
			runOnlyForDeploymentPostprocessing = 0;
		};
		1D8EBA7324364CBE009EB9F3 /* Resources */ = {
			isa = PBXResourcesBuildPhase;
			buildActionMask = 2147483647;
			files = (
			);
			runOnlyForDeploymentPostprocessing = 0;
		};
/* End PBXResourcesBuildPhase section */

/* Begin PBXShellScriptBuildPhase section */
		3CAA5ADD966F9035D14346E3 /* [CP] Check Pods Manifest.lock */ = {
			isa = PBXShellScriptBuildPhase;
			buildActionMask = 2147483647;
			files = (
			);
			inputFileListPaths = (
			);
			inputPaths = (
				"${PODS_PODFILE_DIR_PATH}/Podfile.lock",
				"${PODS_ROOT}/Manifest.lock",
			);
			name = "[CP] Check Pods Manifest.lock";
			outputFileListPaths = (
			);
			outputPaths = (
				"$(DERIVED_FILE_DIR)/Pods-SocialMediaAppTests-checkManifestLockResult.txt",
			);
			runOnlyForDeploymentPostprocessing = 0;
			shellPath = /bin/sh;
			shellScript = "diff \"${PODS_PODFILE_DIR_PATH}/Podfile.lock\" \"${PODS_ROOT}/Manifest.lock\" > /dev/null\nif [ $? != 0 ] ; then\n    # print error to STDERR\n    echo \"error: The sandbox is not in sync with the Podfile.lock. Run 'pod install' or update your CocoaPods installation.\" >&2\n    exit 1\nfi\n# This output is used by Xcode 'outputs' to avoid re-running this script phase.\necho \"SUCCESS\" > \"${SCRIPT_OUTPUT_FILE_0}\"\n";
			showEnvVarsInLog = 0;
		};
		4F315A145B1E7885251F9698 /* [CP] Embed Pods Frameworks */ = {
			isa = PBXShellScriptBuildPhase;
			buildActionMask = 2147483647;
			files = (
			);
			inputFileListPaths = (
				"${PODS_ROOT}/Target Support Files/Pods-SocialMediaApp/Pods-SocialMediaApp-frameworks-${CONFIGURATION}-input-files.xcfilelist",
			);
			name = "[CP] Embed Pods Frameworks";
			outputFileListPaths = (
				"${PODS_ROOT}/Target Support Files/Pods-SocialMediaApp/Pods-SocialMediaApp-frameworks-${CONFIGURATION}-output-files.xcfilelist",
			);
			runOnlyForDeploymentPostprocessing = 0;
			shellPath = /bin/sh;
			shellScript = "\"${PODS_ROOT}/Target Support Files/Pods-SocialMediaApp/Pods-SocialMediaApp-frameworks.sh\"\n";
			showEnvVarsInLog = 0;
		};
		5D391012D9BC2408F2015AF2 /* [CP] Check Pods Manifest.lock */ = {
			isa = PBXShellScriptBuildPhase;
			buildActionMask = 2147483647;
			files = (
			);
			inputFileListPaths = (
			);
			inputPaths = (
				"${PODS_PODFILE_DIR_PATH}/Podfile.lock",
				"${PODS_ROOT}/Manifest.lock",
			);
			name = "[CP] Check Pods Manifest.lock";
			outputFileListPaths = (
			);
			outputPaths = (
				"$(DERIVED_FILE_DIR)/Pods-SocialMediaApp-checkManifestLockResult.txt",
			);
			runOnlyForDeploymentPostprocessing = 0;
			shellPath = /bin/sh;
			shellScript = "diff \"${PODS_PODFILE_DIR_PATH}/Podfile.lock\" \"${PODS_ROOT}/Manifest.lock\" > /dev/null\nif [ $? != 0 ] ; then\n    # print error to STDERR\n    echo \"error: The sandbox is not in sync with the Podfile.lock. Run 'pod install' or update your CocoaPods installation.\" >&2\n    exit 1\nfi\n# This output is used by Xcode 'outputs' to avoid re-running this script phase.\necho \"SUCCESS\" > \"${SCRIPT_OUTPUT_FILE_0}\"\n";
			showEnvVarsInLog = 0;
		};
		9DE19C1D6DB5D3970A2A9ACC /* [CP] Check Pods Manifest.lock */ = {
			isa = PBXShellScriptBuildPhase;
			buildActionMask = 2147483647;
			files = (
			);
			inputFileListPaths = (
			);
			inputPaths = (
				"${PODS_PODFILE_DIR_PATH}/Podfile.lock",
				"${PODS_ROOT}/Manifest.lock",
			);
			name = "[CP] Check Pods Manifest.lock";
			outputFileListPaths = (
			);
			outputPaths = (
				"$(DERIVED_FILE_DIR)/Pods-SocialMediaApp-SocialMediaAppUITests-checkManifestLockResult.txt",
			);
			runOnlyForDeploymentPostprocessing = 0;
			shellPath = /bin/sh;
			shellScript = "diff \"${PODS_PODFILE_DIR_PATH}/Podfile.lock\" \"${PODS_ROOT}/Manifest.lock\" > /dev/null\nif [ $? != 0 ] ; then\n    # print error to STDERR\n    echo \"error: The sandbox is not in sync with the Podfile.lock. Run 'pod install' or update your CocoaPods installation.\" >&2\n    exit 1\nfi\n# This output is used by Xcode 'outputs' to avoid re-running this script phase.\necho \"SUCCESS\" > \"${SCRIPT_OUTPUT_FILE_0}\"\n";
			showEnvVarsInLog = 0;
		};
		E79E227A94BE4DAD91AB7423 /* [CP] Embed Pods Frameworks */ = {
			isa = PBXShellScriptBuildPhase;
			buildActionMask = 2147483647;
			files = (
			);
			inputFileListPaths = (
				"${PODS_ROOT}/Target Support Files/Pods-SocialMediaApp-SocialMediaAppUITests/Pods-SocialMediaApp-SocialMediaAppUITests-frameworks-${CONFIGURATION}-input-files.xcfilelist",
			);
			name = "[CP] Embed Pods Frameworks";
			outputFileListPaths = (
				"${PODS_ROOT}/Target Support Files/Pods-SocialMediaApp-SocialMediaAppUITests/Pods-SocialMediaApp-SocialMediaAppUITests-frameworks-${CONFIGURATION}-output-files.xcfilelist",
			);
			runOnlyForDeploymentPostprocessing = 0;
			shellPath = /bin/sh;
			shellScript = "\"${PODS_ROOT}/Target Support Files/Pods-SocialMediaApp-SocialMediaAppUITests/Pods-SocialMediaApp-SocialMediaAppUITests-frameworks.sh\"\n";
			showEnvVarsInLog = 0;
		};
/* End PBXShellScriptBuildPhase section */

/* Begin PBXSourcesBuildPhase section */
		1D8EBA5024364CBB009EB9F3 /* Sources */ = {
			isa = PBXSourcesBuildPhase;
			buildActionMask = 2147483647;
			files = (
				1D9AB41F243D213300AB2FFA /* imageCollectionView.swift in Sources */,
				1D8EBA8E2437D025009EB9F3 /* TabViewController.swift in Sources */,
				1D8EBA5824364CBB009EB9F3 /* AppDelegate.swift in Sources */,
				1D8EBA5A24364CBB009EB9F3 /* SceneDelegate.swift in Sources */,
				1D8EBA8C24379F5C009EB9F3 /* RealmData.swift in Sources */,
				1D9AB421243E567A00AB2FFA /* Grid.swift in Sources */,
				1D8EBA8A24365F4D009EB9F3 /* SignInView.swift in Sources */,
				1D9AB41D243D1F4300AB2FFA /* MediaView.swift in Sources */,
				1D9AB3D7243B935200AB2FFA /* ImageLoader.swift in Sources */,
				1DDF67BA2439103D0021A377 /* CreatePostView.swift in Sources */,
				1DDF67B624390FEE0021A377 /* ProfileView.swift in Sources */,
				1DDF67B8243910220021A377 /* ExploreView.swift in Sources */,
				1D8EBA5C24364CBB009EB9F3 /* ContentView.swift in Sources */,
				1DDF67BC243910590021A377 /* NotificationView.swift in Sources */,
			);
			runOnlyForDeploymentPostprocessing = 0;
		};
		1D8EBA6624364CBE009EB9F3 /* Sources */ = {
			isa = PBXSourcesBuildPhase;
			buildActionMask = 2147483647;
			files = (
				1D8EBA6F24364CBE009EB9F3 /* SocialMediaAppTests.swift in Sources */,
			);
			runOnlyForDeploymentPostprocessing = 0;
		};
		1D8EBA7124364CBE009EB9F3 /* Sources */ = {
			isa = PBXSourcesBuildPhase;
			buildActionMask = 2147483647;
			files = (
				1D8EBA7A24364CBE009EB9F3 /* SocialMediaAppUITests.swift in Sources */,
			);
			runOnlyForDeploymentPostprocessing = 0;
		};
/* End PBXSourcesBuildPhase section */

/* Begin PBXTargetDependency section */
		1D8EBA6C24364CBE009EB9F3 /* PBXTargetDependency */ = {
			isa = PBXTargetDependency;
			target = 1D8EBA5324364CBB009EB9F3 /* SocialMediaApp */;
			targetProxy = 1D8EBA6B24364CBE009EB9F3 /* PBXContainerItemProxy */;
		};
		1D8EBA7724364CBE009EB9F3 /* PBXTargetDependency */ = {
			isa = PBXTargetDependency;
			target = 1D8EBA5324364CBB009EB9F3 /* SocialMediaApp */;
			targetProxy = 1D8EBA7624364CBE009EB9F3 /* PBXContainerItemProxy */;
		};
/* End PBXTargetDependency section */

/* Begin PBXVariantGroup section */
		1D8EBA6224364CBE009EB9F3 /* LaunchScreen.storyboard */ = {
			isa = PBXVariantGroup;
			children = (
				1D8EBA6324364CBE009EB9F3 /* Base */,
			);
			name = LaunchScreen.storyboard;
			sourceTree = "<group>";
		};
/* End PBXVariantGroup section */

/* Begin XCBuildConfiguration section */
		1D8EBA7C24364CBE009EB9F3 /* Debug */ = {
			isa = XCBuildConfiguration;
			buildSettings = {
				ALWAYS_SEARCH_USER_PATHS = NO;
				CLANG_ANALYZER_NONNULL = YES;
				CLANG_ANALYZER_NUMBER_OBJECT_CONVERSION = YES_AGGRESSIVE;
				CLANG_CXX_LANGUAGE_STANDARD = "gnu++14";
				CLANG_CXX_LIBRARY = "libc++";
				CLANG_ENABLE_MODULES = YES;
				CLANG_ENABLE_OBJC_ARC = YES;
				CLANG_ENABLE_OBJC_WEAK = YES;
				CLANG_WARN_BLOCK_CAPTURE_AUTORELEASING = YES;
				CLANG_WARN_BOOL_CONVERSION = YES;
				CLANG_WARN_COMMA = YES;
				CLANG_WARN_CONSTANT_CONVERSION = YES;
				CLANG_WARN_DEPRECATED_OBJC_IMPLEMENTATIONS = YES;
				CLANG_WARN_DIRECT_OBJC_ISA_USAGE = YES_ERROR;
				CLANG_WARN_DOCUMENTATION_COMMENTS = YES;
				CLANG_WARN_EMPTY_BODY = YES;
				CLANG_WARN_ENUM_CONVERSION = YES;
				CLANG_WARN_INFINITE_RECURSION = YES;
				CLANG_WARN_INT_CONVERSION = YES;
				CLANG_WARN_NON_LITERAL_NULL_CONVERSION = YES;
				CLANG_WARN_OBJC_IMPLICIT_RETAIN_SELF = YES;
				CLANG_WARN_OBJC_LITERAL_CONVERSION = YES;
				CLANG_WARN_OBJC_ROOT_CLASS = YES_ERROR;
				CLANG_WARN_RANGE_LOOP_ANALYSIS = YES;
				CLANG_WARN_STRICT_PROTOTYPES = YES;
				CLANG_WARN_SUSPICIOUS_MOVE = YES;
				CLANG_WARN_UNGUARDED_AVAILABILITY = YES_AGGRESSIVE;
				CLANG_WARN_UNREACHABLE_CODE = YES;
				CLANG_WARN__DUPLICATE_METHOD_MATCH = YES;
				COPY_PHASE_STRIP = NO;
				DEBUG_INFORMATION_FORMAT = dwarf;
				ENABLE_STRICT_OBJC_MSGSEND = YES;
				ENABLE_TESTABILITY = YES;
				GCC_C_LANGUAGE_STANDARD = gnu11;
				GCC_DYNAMIC_NO_PIC = NO;
				GCC_NO_COMMON_BLOCKS = YES;
				GCC_OPTIMIZATION_LEVEL = 0;
				GCC_PREPROCESSOR_DEFINITIONS = (
					"DEBUG=1",
					"$(inherited)",
				);
				GCC_WARN_64_TO_32_BIT_CONVERSION = YES;
				GCC_WARN_ABOUT_RETURN_TYPE = YES_ERROR;
				GCC_WARN_UNDECLARED_SELECTOR = YES;
				GCC_WARN_UNINITIALIZED_AUTOS = YES_AGGRESSIVE;
				GCC_WARN_UNUSED_FUNCTION = YES;
				GCC_WARN_UNUSED_VARIABLE = YES;
				IPHONEOS_DEPLOYMENT_TARGET = 13.4;
				MTL_ENABLE_DEBUG_INFO = INCLUDE_SOURCE;
				MTL_FAST_MATH = YES;
				ONLY_ACTIVE_ARCH = YES;
				SDKROOT = iphoneos;
				SWIFT_ACTIVE_COMPILATION_CONDITIONS = DEBUG;
				SWIFT_OPTIMIZATION_LEVEL = "-Onone";
			};
			name = Debug;
		};
		1D8EBA7D24364CBE009EB9F3 /* Release */ = {
			isa = XCBuildConfiguration;
			buildSettings = {
				ALWAYS_SEARCH_USER_PATHS = NO;
				CLANG_ANALYZER_NONNULL = YES;
				CLANG_ANALYZER_NUMBER_OBJECT_CONVERSION = YES_AGGRESSIVE;
				CLANG_CXX_LANGUAGE_STANDARD = "gnu++14";
				CLANG_CXX_LIBRARY = "libc++";
				CLANG_ENABLE_MODULES = YES;
				CLANG_ENABLE_OBJC_ARC = YES;
				CLANG_ENABLE_OBJC_WEAK = YES;
				CLANG_WARN_BLOCK_CAPTURE_AUTORELEASING = YES;
				CLANG_WARN_BOOL_CONVERSION = YES;
				CLANG_WARN_COMMA = YES;
				CLANG_WARN_CONSTANT_CONVERSION = YES;
				CLANG_WARN_DEPRECATED_OBJC_IMPLEMENTATIONS = YES;
				CLANG_WARN_DIRECT_OBJC_ISA_USAGE = YES_ERROR;
				CLANG_WARN_DOCUMENTATION_COMMENTS = YES;
				CLANG_WARN_EMPTY_BODY = YES;
				CLANG_WARN_ENUM_CONVERSION = YES;
				CLANG_WARN_INFINITE_RECURSION = YES;
				CLANG_WARN_INT_CONVERSION = YES;
				CLANG_WARN_NON_LITERAL_NULL_CONVERSION = YES;
				CLANG_WARN_OBJC_IMPLICIT_RETAIN_SELF = YES;
				CLANG_WARN_OBJC_LITERAL_CONVERSION = YES;
				CLANG_WARN_OBJC_ROOT_CLASS = YES_ERROR;
				CLANG_WARN_RANGE_LOOP_ANALYSIS = YES;
				CLANG_WARN_STRICT_PROTOTYPES = YES;
				CLANG_WARN_SUSPICIOUS_MOVE = YES;
				CLANG_WARN_UNGUARDED_AVAILABILITY = YES_AGGRESSIVE;
				CLANG_WARN_UNREACHABLE_CODE = YES;
				CLANG_WARN__DUPLICATE_METHOD_MATCH = YES;
				COPY_PHASE_STRIP = NO;
				DEBUG_INFORMATION_FORMAT = "dwarf-with-dsym";
				ENABLE_NS_ASSERTIONS = NO;
				ENABLE_STRICT_OBJC_MSGSEND = YES;
				GCC_C_LANGUAGE_STANDARD = gnu11;
				GCC_NO_COMMON_BLOCKS = YES;
				GCC_WARN_64_TO_32_BIT_CONVERSION = YES;
				GCC_WARN_ABOUT_RETURN_TYPE = YES_ERROR;
				GCC_WARN_UNDECLARED_SELECTOR = YES;
				GCC_WARN_UNINITIALIZED_AUTOS = YES_AGGRESSIVE;
				GCC_WARN_UNUSED_FUNCTION = YES;
				GCC_WARN_UNUSED_VARIABLE = YES;
				IPHONEOS_DEPLOYMENT_TARGET = 13.4;
				MTL_ENABLE_DEBUG_INFO = NO;
				MTL_FAST_MATH = YES;
				SDKROOT = iphoneos;
				SWIFT_COMPILATION_MODE = wholemodule;
				SWIFT_OPTIMIZATION_LEVEL = "-O";
				VALIDATE_PRODUCT = YES;
			};
			name = Release;
		};
		1D8EBA7F24364CBE009EB9F3 /* Debug */ = {
			isa = XCBuildConfiguration;
			baseConfigurationReference = C530C6E78C59E09AA4CCEF36 /* Pods-SocialMediaApp.debug.xcconfig */;
			buildSettings = {
				ASSETCATALOG_COMPILER_APPICON_NAME = AppIcon;
				CODE_SIGN_STYLE = Automatic;
				DEVELOPMENT_ASSET_PATHS = "\"SocialMediaApp/Preview Content\"";
				DEVELOPMENT_TEAM = G4K3J435AS;
				ENABLE_PREVIEWS = YES;
				INFOPLIST_FILE = SocialMediaApp/Info.plist;
				LD_RUNPATH_SEARCH_PATHS = (
					"$(inherited)",
					"@executable_path/Frameworks",
				);
				PRODUCT_BUNDLE_IDENTIFIER = com.socialmedia.example;
				PRODUCT_NAME = "$(TARGET_NAME)";
				SWIFT_VERSION = 5.0;
				TARGETED_DEVICE_FAMILY = "1,2";
			};
			name = Debug;
		};
		1D8EBA8024364CBE009EB9F3 /* Release */ = {
			isa = XCBuildConfiguration;
			baseConfigurationReference = B2F84E45C686E2BE1EFE6DEC /* Pods-SocialMediaApp.release.xcconfig */;
			buildSettings = {
				ASSETCATALOG_COMPILER_APPICON_NAME = AppIcon;
				CODE_SIGN_STYLE = Automatic;
				DEVELOPMENT_ASSET_PATHS = "\"SocialMediaApp/Preview Content\"";
				DEVELOPMENT_TEAM = G4K3J435AS;
				ENABLE_PREVIEWS = YES;
				INFOPLIST_FILE = SocialMediaApp/Info.plist;
				LD_RUNPATH_SEARCH_PATHS = (
					"$(inherited)",
					"@executable_path/Frameworks",
				);
				PRODUCT_BUNDLE_IDENTIFIER = com.socialmedia.example;
				PRODUCT_NAME = "$(TARGET_NAME)";
				SWIFT_VERSION = 5.0;
				TARGETED_DEVICE_FAMILY = "1,2";
			};
			name = Release;
		};
		1D8EBA8224364CBE009EB9F3 /* Debug */ = {
			isa = XCBuildConfiguration;
			baseConfigurationReference = 7AAE49033D422E927BD9BC91 /* Pods-SocialMediaAppTests.debug.xcconfig */;
			buildSettings = {
				ALWAYS_EMBED_SWIFT_STANDARD_LIBRARIES = YES;
				BUNDLE_LOADER = "$(TEST_HOST)";
				CODE_SIGN_STYLE = Automatic;
				DEVELOPMENT_TEAM = G4K3J435AS;
				INFOPLIST_FILE = SocialMediaAppTests/Info.plist;
				IPHONEOS_DEPLOYMENT_TARGET = 13.4;
				LD_RUNPATH_SEARCH_PATHS = (
					"$(inherited)",
					"@executable_path/Frameworks",
					"@loader_path/Frameworks",
				);
				PRODUCT_BUNDLE_IDENTIFIER = test.SocialMediaAppTests;
				PRODUCT_NAME = "$(TARGET_NAME)";
				SWIFT_VERSION = 5.0;
				TARGETED_DEVICE_FAMILY = "1,2";
				TEST_HOST = "$(BUILT_PRODUCTS_DIR)/SocialMediaApp.app/SocialMediaApp";
			};
			name = Debug;
		};
		1D8EBA8324364CBE009EB9F3 /* Release */ = {
			isa = XCBuildConfiguration;
			baseConfigurationReference = 02C8A0C53F9D7F8D3F056D77 /* Pods-SocialMediaAppTests.release.xcconfig */;
			buildSettings = {
				ALWAYS_EMBED_SWIFT_STANDARD_LIBRARIES = YES;
				BUNDLE_LOADER = "$(TEST_HOST)";
				CODE_SIGN_STYLE = Automatic;
				DEVELOPMENT_TEAM = G4K3J435AS;
				INFOPLIST_FILE = SocialMediaAppTests/Info.plist;
				IPHONEOS_DEPLOYMENT_TARGET = 13.4;
				LD_RUNPATH_SEARCH_PATHS = (
					"$(inherited)",
					"@executable_path/Frameworks",
					"@loader_path/Frameworks",
				);
				PRODUCT_BUNDLE_IDENTIFIER = test.SocialMediaAppTests;
				PRODUCT_NAME = "$(TARGET_NAME)";
				SWIFT_VERSION = 5.0;
				TARGETED_DEVICE_FAMILY = "1,2";
				TEST_HOST = "$(BUILT_PRODUCTS_DIR)/SocialMediaApp.app/SocialMediaApp";
			};
			name = Release;
		};
		1D8EBA8524364CBE009EB9F3 /* Debug */ = {
			isa = XCBuildConfiguration;
			baseConfigurationReference = E55D7C0A73C96BE5E332FDCB /* Pods-SocialMediaApp-SocialMediaAppUITests.debug.xcconfig */;
			buildSettings = {
				ALWAYS_EMBED_SWIFT_STANDARD_LIBRARIES = YES;
				CODE_SIGN_STYLE = Automatic;
				DEVELOPMENT_TEAM = G4K3J435AS;
				INFOPLIST_FILE = SocialMediaAppUITests/Info.plist;
				LD_RUNPATH_SEARCH_PATHS = (
					"$(inherited)",
					"@executable_path/Frameworks",
					"@loader_path/Frameworks",
				);
				PRODUCT_BUNDLE_IDENTIFIER = test.SocialMediaAppUITests;
				PRODUCT_NAME = "$(TARGET_NAME)";
				SWIFT_VERSION = 5.0;
				TARGETED_DEVICE_FAMILY = "1,2";
				TEST_TARGET_NAME = SocialMediaApp;
			};
			name = Debug;
		};
		1D8EBA8624364CBE009EB9F3 /* Release */ = {
			isa = XCBuildConfiguration;
			baseConfigurationReference = BE3B9A0E71C80574C5651765 /* Pods-SocialMediaApp-SocialMediaAppUITests.release.xcconfig */;
			buildSettings = {
				ALWAYS_EMBED_SWIFT_STANDARD_LIBRARIES = YES;
				CODE_SIGN_STYLE = Automatic;
				DEVELOPMENT_TEAM = G4K3J435AS;
				INFOPLIST_FILE = SocialMediaAppUITests/Info.plist;
				LD_RUNPATH_SEARCH_PATHS = (
					"$(inherited)",
					"@executable_path/Frameworks",
					"@loader_path/Frameworks",
				);
				PRODUCT_BUNDLE_IDENTIFIER = test.SocialMediaAppUITests;
				PRODUCT_NAME = "$(TARGET_NAME)";
				SWIFT_VERSION = 5.0;
				TARGETED_DEVICE_FAMILY = "1,2";
				TEST_TARGET_NAME = SocialMediaApp;
			};
			name = Release;
		};
/* End XCBuildConfiguration section */

/* Begin XCConfigurationList section */
		1D8EBA4F24364CBB009EB9F3 /* Build configuration list for PBXProject "SocialMediaApp" */ = {
			isa = XCConfigurationList;
			buildConfigurations = (
				1D8EBA7C24364CBE009EB9F3 /* Debug */,
				1D8EBA7D24364CBE009EB9F3 /* Release */,
			);
			defaultConfigurationIsVisible = 0;
			defaultConfigurationName = Release;
		};
		1D8EBA7E24364CBE009EB9F3 /* Build configuration list for PBXNativeTarget "SocialMediaApp" */ = {
			isa = XCConfigurationList;
			buildConfigurations = (
				1D8EBA7F24364CBE009EB9F3 /* Debug */,
				1D8EBA8024364CBE009EB9F3 /* Release */,
			);
			defaultConfigurationIsVisible = 0;
			defaultConfigurationName = Release;
		};
		1D8EBA8124364CBE009EB9F3 /* Build configuration list for PBXNativeTarget "SocialMediaAppTests" */ = {
			isa = XCConfigurationList;
			buildConfigurations = (
				1D8EBA8224364CBE009EB9F3 /* Debug */,
				1D8EBA8324364CBE009EB9F3 /* Release */,
			);
			defaultConfigurationIsVisible = 0;
			defaultConfigurationName = Release;
		};
		1D8EBA8424364CBE009EB9F3 /* Build configuration list for PBXNativeTarget "SocialMediaAppUITests" */ = {
			isa = XCConfigurationList;
			buildConfigurations = (
				1D8EBA8524364CBE009EB9F3 /* Debug */,
				1D8EBA8624364CBE009EB9F3 /* Release */,
			);
			defaultConfigurationIsVisible = 0;
			defaultConfigurationName = Release;
		};
/* End XCConfigurationList section */
	};
	rootObject = 1D8EBA4C24364CBB009EB9F3 /* Project object */;
}
