// !$*UTF8*$!
{
	archiveVersion = 1;
	classes = {
	};
	objectVersion = 50;
	objects = {

/* Begin PBXBuildFile section */
		1D8EBA5824364CBB009EB9F3 /* AppDelegate.swift in Sources */ = {isa = PBXBuildFile; fileRef = 1D8EBA5724364CBB009EB9F3 /* AppDelegate.swift */; };
		1D8EBA5A24364CBB009EB9F3 /* SceneDelegate.swift in Sources */ = {isa = PBXBuildFile; fileRef = 1D8EBA5924364CBB009EB9F3 /* SceneDelegate.swift */; };
		1D8EBA5C24364CBB009EB9F3 /* ContentView.swift in Sources */ = {isa = PBXBuildFile; fileRef = 1D8EBA5B24364CBB009EB9F3 /* ContentView.swift */; };
		1D8EBA5E24364CBE009EB9F3 /* Assets.xcassets in Resources */ = {isa = PBXBuildFile; fileRef = 1D8EBA5D24364CBE009EB9F3 /* Assets.xcassets */; };
		1D8EBA6124364CBE009EB9F3 /* Preview Assets.xcassets in Resources */ = {isa = PBXBuildFile; fileRef = 1D8EBA6024364CBE009EB9F3 /* Preview Assets.xcassets */; };
		1D8EBA6424364CBE009EB9F3 /* LaunchScreen.storyboard in Resources */ = {isa = PBXBuildFile; fileRef = 1D8EBA6224364CBE009EB9F3 /* LaunchScreen.storyboard */; };
		1D8EBA6F24364CBE009EB9F3 /* SocialMediaAppTests.swift in Sources */ = {isa = PBXBuildFile; fileRef = 1D8EBA6E24364CBE009EB9F3 /* SocialMediaAppTests.swift */; };
		1D8EBA7A24364CBE009EB9F3 /* SocialMediaAppUITests.swift in Sources */ = {isa = PBXBuildFile; fileRef = 1D8EBA7924364CBE009EB9F3 /* SocialMediaAppUITests.swift */; };
/* End PBXBuildFile section */

/* Begin PBXContainerItemProxy section */
		1D8EBA6B24364CBE009EB9F3 /* PBXContainerItemProxy */ = {
			isa = PBXContainerItemProxy;
			containerPortal = 1D8EBA4C24364CBB009EB9F3 /* Project object */;
			proxyType = 1;
			remoteGlobalIDString = 1D8EBA5324364CBB009EB9F3;
			remoteInfo = SocialMediaApp;
		};
		1D8EBA7624364CBE009EB9F3 /* PBXContainerItemProxy */ = {
			isa = PBXContainerItemProxy;
			containerPortal = 1D8EBA4C24364CBB009EB9F3 /* Project object */;
			proxyType = 1;
			remoteGlobalIDString = 1D8EBA5324364CBB009EB9F3;
			remoteInfo = SocialMediaApp;
		};
/* End PBXContainerItemProxy section */

/* Begin PBXFileReference section */
		1D8EBA5424364CBB009EB9F3 /* SocialMediaApp.app */ = {isa = PBXFileReference; explicitFileType = wrapper.application; includeInIndex = 0; path = SocialMediaApp.app; sourceTree = BUILT_PRODUCTS_DIR; };
		1D8EBA5724364CBB009EB9F3 /* AppDelegate.swift */ = {isa = PBXFileReference; lastKnownFileType = sourcecode.swift; path = AppDelegate.swift; sourceTree = "<group>"; };
		1D8EBA5924364CBB009EB9F3 /* SceneDelegate.swift */ = {isa = PBXFileReference; lastKnownFileType = sourcecode.swift; path = SceneDelegate.swift; sourceTree = "<group>"; };
		1D8EBA5B24364CBB009EB9F3 /* ContentView.swift */ = {isa = PBXFileReference; lastKnownFileType = sourcecode.swift; path = ContentView.swift; sourceTree = "<group>"; };
		1D8EBA5D24364CBE009EB9F3 /* Assets.xcassets */ = {isa = PBXFileReference; lastKnownFileType = folder.assetcatalog; path = Assets.xcassets; sourceTree = "<group>"; };
		1D8EBA6024364CBE009EB9F3 /* Preview Assets.xcassets */ = {isa = PBXFileReference; lastKnownFileType = folder.assetcatalog; path = "Preview Assets.xcassets"; sourceTree = "<group>"; };
		1D8EBA6324364CBE009EB9F3 /* Base */ = {isa = PBXFileReference; lastKnownFileType = file.storyboard; name = Base; path = Base.lproj/LaunchScreen.storyboard; sourceTree = "<group>"; };
		1D8EBA6524364CBE009EB9F3 /* Info.plist */ = {isa = PBXFileReference; lastKnownFileType = text.plist.xml; path = Info.plist; sourceTree = "<group>"; };
		1D8EBA6A24364CBE009EB9F3 /* SocialMediaAppTests.xctest */ = {isa = PBXFileReference; explicitFileType = wrapper.cfbundle; includeInIndex = 0; path = SocialMediaAppTests.xctest; sourceTree = BUILT_PRODUCTS_DIR; };
		1D8EBA6E24364CBE009EB9F3 /* SocialMediaAppTests.swift */ = {isa = PBXFileReference; lastKnownFileType = sourcecode.swift; path = SocialMediaAppTests.swift; sourceTree = "<group>"; };
		1D8EBA7024364CBE009EB9F3 /* Info.plist */ = {isa = PBXFileReference; lastKnownFileType = text.plist.xml; path = Info.plist; sourceTree = "<group>"; };
		1D8EBA7524364CBE009EB9F3 /* SocialMediaAppUITests.xctest */ = {isa = PBXFileReference; explicitFileType = wrapper.cfbundle; includeInIndex = 0; path = SocialMediaAppUITests.xctest; sourceTree = BUILT_PRODUCTS_DIR; };
		1D8EBA7924364CBE009EB9F3 /* SocialMediaAppUITests.swift */ = {isa = PBXFileReference; lastKnownFileType = sourcecode.swift; path = SocialMediaAppUITests.swift; sourceTree = "<group>"; };
		1D8EBA7B24364CBE009EB9F3 /* Info.plist */ = {isa = PBXFileReference; lastKnownFileType = text.plist.xml; path = Info.plist; sourceTree = "<group>"; };
/* End PBXFileReference section */

/* Begin PBXFrameworksBuildPhase section */
		1D8EBA5124364CBB009EB9F3 /* Frameworks */ = {
			isa = PBXFrameworksBuildPhase;
			buildActionMask = 2147483647;
			files = (
			);
			runOnlyForDeploymentPostprocessing = 0;
		};
		1D8EBA6724364CBE009EB9F3 /* Frameworks */ = {
			isa = PBXFrameworksBuildPhase;
			buildActionMask = 2147483647;
			files = (
			);
			runOnlyForDeploymentPostprocessing = 0;
		};
		1D8EBA7224364CBE009EB9F3 /* Frameworks */ = {
			isa = PBXFrameworksBuildPhase;
			buildActionMask = 2147483647;
			files = (
			);
			runOnlyForDeploymentPostprocessing = 0;
		};
/* End PBXFrameworksBuildPhase section */

/* Begin PBXGroup section */
		1D8EBA4B24364CBB009EB9F3 = {
			isa = PBXGroup;
			children = (
				1D8EBA5624364CBB009EB9F3 /* SocialMediaApp */,
				1D8EBA6D24364CBE009EB9F3 /* SocialMediaAppTests */,
				1D8EBA7824364CBE009EB9F3 /* SocialMediaAppUITests */,
				1D8EBA5524364CBB009EB9F3 /* Products */,
			);
			sourceTree = "<group>";
		};
		1D8EBA5524364CBB009EB9F3 /* Products */ = {
			isa = PBXGroup;
			children = (
				1D8EBA5424364CBB009EB9F3 /* SocialMediaApp.app */,
				1D8EBA6A24364CBE009EB9F3 /* SocialMediaAppTests.xctest */,
				1D8EBA7524364CBE009EB9F3 /* SocialMediaAppUITests.xctest */,
			);
			name = Products;
			sourceTree = "<group>";
		};
		1D8EBA5624364CBB009EB9F3 /* SocialMediaApp */ = {
			isa = PBXGroup;
			children = (
				1D8EBA5724364CBB009EB9F3 /* AppDelegate.swift */,
				1D8EBA5924364CBB009EB9F3 /* SceneDelegate.swift */,
				1D8EBA5B24364CBB009EB9F3 /* ContentView.swift */,
				1D8EBA5D24364CBE009EB9F3 /* Assets.xcassets */,
				1D8EBA6224364CBE009EB9F3 /* LaunchScreen.storyboard */,
				1D8EBA6524364CBE009EB9F3 /* Info.plist */,
				1D8EBA5F24364CBE009EB9F3 /* Preview Content */,
			);
			path = SocialMediaApp;
			sourceTree = "<group>";
		};
		1D8EBA5F24364CBE009EB9F3 /* Preview Content */ = {
			isa = PBXGroup;
			children = (
				1D8EBA6024364CBE009EB9F3 /* Preview Assets.xcassets */,
			);
			path = "Preview Content";
			sourceTree = "<group>";
		};
		1D8EBA6D24364CBE009EB9F3 /* SocialMediaAppTests */ = {
			isa = PBXGroup;
			children = (
				1D8EBA6E24364CBE009EB9F3 /* SocialMediaAppTests.swift */,
				1D8EBA7024364CBE009EB9F3 /* Info.plist */,
			);
			path = SocialMediaAppTests;
			sourceTree = "<group>";
		};
		1D8EBA7824364CBE009EB9F3 /* SocialMediaAppUITests */ = {
			isa = PBXGroup;
			children = (
				1D8EBA7924364CBE009EB9F3 /* SocialMediaAppUITests.swift */,
				1D8EBA7B24364CBE009EB9F3 /* Info.plist */,
			);
			path = SocialMediaAppUITests;
			sourceTree = "<group>";
		};
/* End PBXGroup section */

/* Begin PBXNativeTarget section */
		1D8EBA5324364CBB009EB9F3 /* SocialMediaApp */ = {
			isa = PBXNativeTarget;
			buildConfigurationList = 1D8EBA7E24364CBE009EB9F3 /* Build configuration list for PBXNativeTarget "SocialMediaApp" */;
			buildPhases = (
				1D8EBA5024364CBB009EB9F3 /* Sources */,
				1D8EBA5124364CBB009EB9F3 /* Frameworks */,
				1D8EBA5224364CBB009EB9F3 /* Resources */,
			);
			buildRules = (
			);
			dependencies = (
			);
			name = SocialMediaApp;
			productName = SocialMediaApp;
			productReference = 1D8EBA5424364CBB009EB9F3 /* SocialMediaApp.app */;
			productType = "com.apple.product-type.application";
		};
		1D8EBA6924364CBE009EB9F3 /* SocialMediaAppTests */ = {
			isa = PBXNativeTarget;
			buildConfigurationList = 1D8EBA8124364CBE009EB9F3 /* Build configuration list for PBXNativeTarget "SocialMediaAppTests" */;
			buildPhases = (
				1D8EBA6624364CBE009EB9F3 /* Sources */,
				1D8EBA6724364CBE009EB9F3 /* Frameworks */,
				1D8EBA6824364CBE009EB9F3 /* Resources */,
			);
			buildRules = (
			);
			dependencies = (
				1D8EBA6C24364CBE009EB9F3 /* PBXTargetDependency */,
			);
			name = SocialMediaAppTests;
			productName = SocialMediaAppTests;
			productReference = 1D8EBA6A24364CBE009EB9F3 /* SocialMediaAppTests.xctest */;
			productType = "com.apple.product-type.bundle.unit-test";
		};
		1D8EBA7424364CBE009EB9F3 /* SocialMediaAppUITests */ = {
			isa = PBXNativeTarget;
			buildConfigurationList = 1D8EBA8424364CBE009EB9F3 /* Build configuration list for PBXNativeTarget "SocialMediaAppUITests" */;
			buildPhases = (
				1D8EBA7124364CBE009EB9F3 /* Sources */,
				1D8EBA7224364CBE009EB9F3 /* Frameworks */,
				1D8EBA7324364CBE009EB9F3 /* Resources */,
			);
			buildRules = (
			);
			dependencies = (
				1D8EBA7724364CBE009EB9F3 /* PBXTargetDependency */,
			);
			name = SocialMediaAppUITests;
			productName = SocialMediaAppUITests;
			productReference = 1D8EBA7524364CBE009EB9F3 /* SocialMediaAppUITests.xctest */;
			productType = "com.apple.product-type.bundle.ui-testing";
		};
/* End PBXNativeTarget section */

/* Begin PBXProject section */
		1D8EBA4C24364CBB009EB9F3 /* Project object */ = {
			isa = PBXProject;
			attributes = {
				LastSwiftUpdateCheck = 1140;
				LastUpgradeCheck = 1140;
				ORGANIZATIONNAME = "Davidson Family";
				TargetAttributes = {
					1D8EBA5324364CBB009EB9F3 = {
						CreatedOnToolsVersion = 11.4;
					};
					1D8EBA6924364CBE009EB9F3 = {
						CreatedOnToolsVersion = 11.4;
						TestTargetID = 1D8EBA5324364CBB009EB9F3;
					};
					1D8EBA7424364CBE009EB9F3 = {
						CreatedOnToolsVersion = 11.4;
						TestTargetID = 1D8EBA5324364CBB009EB9F3;
					};
				};
			};
			buildConfigurationList = 1D8EBA4F24364CBB009EB9F3 /* Build configuration list for PBXProject "SocialMediaApp" */;
			compatibilityVersion = "Xcode 9.3";
			developmentRegion = en;
			hasScannedForEncodings = 0;
			knownRegions = (
				en,
				Base,
			);
			mainGroup = 1D8EBA4B24364CBB009EB9F3;
			productRefGroup = 1D8EBA5524364CBB009EB9F3 /* Products */;
			projectDirPath = "";
			projectRoot = "";
			targets = (
				1D8EBA5324364CBB009EB9F3 /* SocialMediaApp */,
				1D8EBA6924364CBE009EB9F3 /* SocialMediaAppTests */,
				1D8EBA7424364CBE009EB9F3 /* SocialMediaAppUITests */,
			);
		};
/* End PBXProject section */

/* Begin PBXResourcesBuildPhase section */
		1D8EBA5224364CBB009EB9F3 /* Resources */ = {
			isa = PBXResourcesBuildPhase;
			buildActionMask = 2147483647;
			files = (
				1D8EBA6424364CBE009EB9F3 /* LaunchScreen.storyboard in Resources */,
				1D8EBA6124364CBE009EB9F3 /* Preview Assets.xcassets in Resources */,
				1D8EBA5E24364CBE009EB9F3 /* Assets.xcassets in Resources */,
			);
			runOnlyForDeploymentPostprocessing = 0;
		};
		1D8EBA6824364CBE009EB9F3 /* Resources */ = {
			isa = PBXResourcesBuildPhase;
			buildActionMask = 2147483647;
			files = (
			);
			runOnlyForDeploymentPostprocessing = 0;
		};
		1D8EBA7324364CBE009EB9F3 /* Resources */ = {
			isa = PBXResourcesBuildPhase;
			buildActionMask = 2147483647;
			files = (
			);
			runOnlyForDeploymentPostprocessing = 0;
		};
/* End PBXResourcesBuildPhase section */

/* Begin PBXSourcesBuildPhase section */
		1D8EBA5024364CBB009EB9F3 /* Sources */ = {
			isa = PBXSourcesBuildPhase;
			buildActionMask = 2147483647;
			files = (
				1D8EBA5824364CBB009EB9F3 /* AppDelegate.swift in Sources */,
				1D8EBA5A24364CBB009EB9F3 /* SceneDelegate.swift in Sources */,
				1D8EBA5C24364CBB009EB9F3 /* ContentView.swift in Sources */,
			);
			runOnlyForDeploymentPostprocessing = 0;
		};
		1D8EBA6624364CBE009EB9F3 /* Sources */ = {
			isa = PBXSourcesBuildPhase;
			buildActionMask = 2147483647;
			files = (
				1D8EBA6F24364CBE009EB9F3 /* SocialMediaAppTests.swift in Sources */,
			);
			runOnlyForDeploymentPostprocessing = 0;
		};
		1D8EBA7124364CBE009EB9F3 /* Sources */ = {
			isa = PBXSourcesBuildPhase;
			buildActionMask = 2147483647;
			files = (
				1D8EBA7A24364CBE009EB9F3 /* SocialMediaAppUITests.swift in Sources */,
			);
			runOnlyForDeploymentPostprocessing = 0;
		};
/* End PBXSourcesBuildPhase section */

/* Begin PBXTargetDependency section */
		1D8EBA6C24364CBE009EB9F3 /* PBXTargetDependency */ = {
			isa = PBXTargetDependency;
			target = 1D8EBA5324364CBB009EB9F3 /* SocialMediaApp */;
			targetProxy = 1D8EBA6B24364CBE009EB9F3 /* PBXContainerItemProxy */;
		};
		1D8EBA7724364CBE009EB9F3 /* PBXTargetDependency */ = {
			isa = PBXTargetDependency;
			target = 1D8EBA5324364CBB009EB9F3 /* SocialMediaApp */;
			targetProxy = 1D8EBA7624364CBE009EB9F3 /* PBXContainerItemProxy */;
		};
/* End PBXTargetDependency section */

/* Begin PBXVariantGroup section */
		1D8EBA6224364CBE009EB9F3 /* LaunchScreen.storyboard */ = {
			isa = PBXVariantGroup;
			children = (
				1D8EBA6324364CBE009EB9F3 /* Base */,
			);
			name = LaunchScreen.storyboard;
			sourceTree = "<group>";
		};
/* End PBXVariantGroup section */

/* Begin XCBuildConfiguration section */
		1D8EBA7C24364CBE009EB9F3 /* Debug */ = {
			isa = XCBuildConfiguration;
			buildSettings = {
				ALWAYS_SEARCH_USER_PATHS = NO;
				CLANG_ANALYZER_NONNULL = YES;
				CLANG_ANALYZER_NUMBER_OBJECT_CONVERSION = YES_AGGRESSIVE;
				CLANG_CXX_LANGUAGE_STANDARD = "gnu++14";
				CLANG_CXX_LIBRARY = "libc++";
				CLANG_ENABLE_MODULES = YES;
				CLANG_ENABLE_OBJC_ARC = YES;
				CLANG_ENABLE_OBJC_WEAK = YES;
				CLANG_WARN_BLOCK_CAPTURE_AUTORELEASING = YES;
				CLANG_WARN_BOOL_CONVERSION = YES;
				CLANG_WARN_COMMA = YES;
				CLANG_WARN_CONSTANT_CONVERSION = YES;
				CLANG_WARN_DEPRECATED_OBJC_IMPLEMENTATIONS = YES;
				CLANG_WARN_DIRECT_OBJC_ISA_USAGE = YES_ERROR;
				CLANG_WARN_DOCUMENTATION_COMMENTS = YES;
				CLANG_WARN_EMPTY_BODY = YES;
				CLANG_WARN_ENUM_CONVERSION = YES;
				CLANG_WARN_INFINITE_RECURSION = YES;
				CLANG_WARN_INT_CONVERSION = YES;
				CLANG_WARN_NON_LITERAL_NULL_CONVERSION = YES;
				CLANG_WARN_OBJC_IMPLICIT_RETAIN_SELF = YES;
				CLANG_WARN_OBJC_LITERAL_CONVERSION = YES;
				CLANG_WARN_OBJC_ROOT_CLASS = YES_ERROR;
				CLANG_WARN_RANGE_LOOP_ANALYSIS = YES;
				CLANG_WARN_STRICT_PROTOTYPES = YES;
				CLANG_WARN_SUSPICIOUS_MOVE = YES;
				CLANG_WARN_UNGUARDED_AVAILABILITY = YES_AGGRESSIVE;
				CLANG_WARN_UNREACHABLE_CODE = YES;
				CLANG_WARN__DUPLICATE_METHOD_MATCH = YES;
				COPY_PHASE_STRIP = NO;
				DEBUG_INFORMATION_FORMAT = dwarf;
				ENABLE_STRICT_OBJC_MSGSEND = YES;
				ENABLE_TESTABILITY = YES;
				GCC_C_LANGUAGE_STANDARD = gnu11;
				GCC_DYNAMIC_NO_PIC = NO;
				GCC_NO_COMMON_BLOCKS = YES;
				GCC_OPTIMIZATION_LEVEL = 0;
				GCC_PREPROCESSOR_DEFINITIONS = (
					"DEBUG=1",
					"$(inherited)",
				);
				GCC_WARN_64_TO_32_BIT_CONVERSION = YES;
				GCC_WARN_ABOUT_RETURN_TYPE = YES_ERROR;
				GCC_WARN_UNDECLARED_SELECTOR = YES;
				GCC_WARN_UNINITIALIZED_AUTOS = YES_AGGRESSIVE;
				GCC_WARN_UNUSED_FUNCTION = YES;
				GCC_WARN_UNUSED_VARIABLE = YES;
				IPHONEOS_DEPLOYMENT_TARGET = 13.4;
				MTL_ENABLE_DEBUG_INFO = INCLUDE_SOURCE;
				MTL_FAST_MATH = YES;
				ONLY_ACTIVE_ARCH = YES;
				SDKROOT = iphoneos;
				SWIFT_ACTIVE_COMPILATION_CONDITIONS = DEBUG;
				SWIFT_OPTIMIZATION_LEVEL = "-Onone";
			};
			name = Debug;
		};
		1D8EBA7D24364CBE009EB9F3 /* Release */ = {
			isa = XCBuildConfiguration;
			buildSettings = {
				ALWAYS_SEARCH_USER_PATHS = NO;
				CLANG_ANALYZER_NONNULL = YES;
				CLANG_ANALYZER_NUMBER_OBJECT_CONVERSION = YES_AGGRESSIVE;
				CLANG_CXX_LANGUAGE_STANDARD = "gnu++14";
				CLANG_CXX_LIBRARY = "libc++";
				CLANG_ENABLE_MODULES = YES;
				CLANG_ENABLE_OBJC_ARC = YES;
				CLANG_ENABLE_OBJC_WEAK = YES;
				CLANG_WARN_BLOCK_CAPTURE_AUTORELEASING = YES;
				CLANG_WARN_BOOL_CONVERSION = YES;
				CLANG_WARN_COMMA = YES;
				CLANG_WARN_CONSTANT_CONVERSION = YES;
				CLANG_WARN_DEPRECATED_OBJC_IMPLEMENTATIONS = YES;
				CLANG_WARN_DIRECT_OBJC_ISA_USAGE = YES_ERROR;
				CLANG_WARN_DOCUMENTATION_COMMENTS = YES;
				CLANG_WARN_EMPTY_BODY = YES;
				CLANG_WARN_ENUM_CONVERSION = YES;
				CLANG_WARN_INFINITE_RECURSION = YES;
				CLANG_WARN_INT_CONVERSION = YES;
				CLANG_WARN_NON_LITERAL_NULL_CONVERSION = YES;
				CLANG_WARN_OBJC_IMPLICIT_RETAIN_SELF = YES;
				CLANG_WARN_OBJC_LITERAL_CONVERSION = YES;
				CLANG_WARN_OBJC_ROOT_CLASS = YES_ERROR;
				CLANG_WARN_RANGE_LOOP_ANALYSIS = YES;
				CLANG_WARN_STRICT_PROTOTYPES = YES;
				CLANG_WARN_SUSPICIOUS_MOVE = YES;
				CLANG_WARN_UNGUARDED_AVAILABILITY = YES_AGGRESSIVE;
				CLANG_WARN_UNREACHABLE_CODE = YES;
				CLANG_WARN__DUPLICATE_METHOD_MATCH = YES;
				COPY_PHASE_STRIP = NO;
				DEBUG_INFORMATION_FORMAT = "dwarf-with-dsym";
				ENABLE_NS_ASSERTIONS = NO;
				ENABLE_STRICT_OBJC_MSGSEND = YES;
				GCC_C_LANGUAGE_STANDARD = gnu11;
				GCC_NO_COMMON_BLOCKS = YES;
				GCC_WARN_64_TO_32_BIT_CONVERSION = YES;
				GCC_WARN_ABOUT_RETURN_TYPE = YES_ERROR;
				GCC_WARN_UNDECLARED_SELECTOR = YES;
				GCC_WARN_UNINITIALIZED_AUTOS = YES_AGGRESSIVE;
				GCC_WARN_UNUSED_FUNCTION = YES;
				GCC_WARN_UNUSED_VARIABLE = YES;
				IPHONEOS_DEPLOYMENT_TARGET = 13.4;
				MTL_ENABLE_DEBUG_INFO = NO;
				MTL_FAST_MATH = YES;
				SDKROOT = iphoneos;
				SWIFT_COMPILATION_MODE = wholemodule;
				SWIFT_OPTIMIZATION_LEVEL = "-O";
				VALIDATE_PRODUCT = YES;
			};
			name = Release;
		};
		1D8EBA7F24364CBE009EB9F3 /* Debug */ = {
			isa = XCBuildConfiguration;
			buildSettings = {
				ASSETCATALOG_COMPILER_APPICON_NAME = AppIcon;
				CODE_SIGN_STYLE = Automatic;
				DEVELOPMENT_ASSET_PATHS = "\"SocialMediaApp/Preview Content\"";
				DEVELOPMENT_TEAM = G4K3J435AS;
				ENABLE_PREVIEWS = YES;
				INFOPLIST_FILE = SocialMediaApp/Info.plist;
				LD_RUNPATH_SEARCH_PATHS = (
					"$(inherited)",
					"@executable_path/Frameworks",
				);
				PRODUCT_BUNDLE_IDENTIFIER = test.SocialMediaApp;
				PRODUCT_NAME = "$(TARGET_NAME)";
				SWIFT_VERSION = 5.0;
				TARGETED_DEVICE_FAMILY = "1,2";
			};
			name = Debug;
		};
		1D8EBA8024364CBE009EB9F3 /* Release */ = {
			isa = XCBuildConfiguration;
			buildSettings = {
				ASSETCATALOG_COMPILER_APPICON_NAME = AppIcon;
				CODE_SIGN_STYLE = Automatic;
				DEVELOPMENT_ASSET_PATHS = "\"SocialMediaApp/Preview Content\"";
				DEVELOPMENT_TEAM = G4K3J435AS;
				ENABLE_PREVIEWS = YES;
				INFOPLIST_FILE = SocialMediaApp/Info.plist;
				LD_RUNPATH_SEARCH_PATHS = (
					"$(inherited)",
					"@executable_path/Frameworks",
				);
				PRODUCT_BUNDLE_IDENTIFIER = test.SocialMediaApp;
				PRODUCT_NAME = "$(TARGET_NAME)";
				SWIFT_VERSION = 5.0;
				TARGETED_DEVICE_FAMILY = "1,2";
			};
			name = Release;
		};
		1D8EBA8224364CBE009EB9F3 /* Debug */ = {
			isa = XCBuildConfiguration;
			buildSettings = {
				ALWAYS_EMBED_SWIFT_STANDARD_LIBRARIES = YES;
				BUNDLE_LOADER = "$(TEST_HOST)";
				CODE_SIGN_STYLE = Automatic;
				DEVELOPMENT_TEAM = G4K3J435AS;
				INFOPLIST_FILE = SocialMediaAppTests/Info.plist;
				IPHONEOS_DEPLOYMENT_TARGET = 13.4;
				LD_RUNPATH_SEARCH_PATHS = (
					"$(inherited)",
					"@executable_path/Frameworks",
					"@loader_path/Frameworks",
				);
				PRODUCT_BUNDLE_IDENTIFIER = test.SocialMediaAppTests;
				PRODUCT_NAME = "$(TARGET_NAME)";
				SWIFT_VERSION = 5.0;
				TARGETED_DEVICE_FAMILY = "1,2";
				TEST_HOST = "$(BUILT_PRODUCTS_DIR)/SocialMediaApp.app/SocialMediaApp";
			};
			name = Debug;
		};
		1D8EBA8324364CBE009EB9F3 /* Release */ = {
			isa = XCBuildConfiguration;
			buildSettings = {
				ALWAYS_EMBED_SWIFT_STANDARD_LIBRARIES = YES;
				BUNDLE_LOADER = "$(TEST_HOST)";
				CODE_SIGN_STYLE = Automatic;
				DEVELOPMENT_TEAM = G4K3J435AS;
				INFOPLIST_FILE = SocialMediaAppTests/Info.plist;
				IPHONEOS_DEPLOYMENT_TARGET = 13.4;
				LD_RUNPATH_SEARCH_PATHS = (
					"$(inherited)",
					"@executable_path/Frameworks",
					"@loader_path/Frameworks",
				);
				PRODUCT_BUNDLE_IDENTIFIER = test.SocialMediaAppTests;
				PRODUCT_NAME = "$(TARGET_NAME)";
				SWIFT_VERSION = 5.0;
				TARGETED_DEVICE_FAMILY = "1,2";
				TEST_HOST = "$(BUILT_PRODUCTS_DIR)/SocialMediaApp.app/SocialMediaApp";
			};
			name = Release;
		};
		1D8EBA8524364CBE009EB9F3 /* Debug */ = {
			isa = XCBuildConfiguration;
			buildSettings = {
				ALWAYS_EMBED_SWIFT_STANDARD_LIBRARIES = YES;
				CODE_SIGN_STYLE = Automatic;
				DEVELOPMENT_TEAM = G4K3J435AS;
				INFOPLIST_FILE = SocialMediaAppUITests/Info.plist;
				LD_RUNPATH_SEARCH_PATHS = (
					"$(inherited)",
					"@executable_path/Frameworks",
					"@loader_path/Frameworks",
				);
				PRODUCT_BUNDLE_IDENTIFIER = test.SocialMediaAppUITests;
				PRODUCT_NAME = "$(TARGET_NAME)";
				SWIFT_VERSION = 5.0;
				TARGETED_DEVICE_FAMILY = "1,2";
				TEST_TARGET_NAME = SocialMediaApp;
			};
			name = Debug;
		};
		1D8EBA8624364CBE009EB9F3 /* Release */ = {
			isa = XCBuildConfiguration;
			buildSettings = {
				ALWAYS_EMBED_SWIFT_STANDARD_LIBRARIES = YES;
				CODE_SIGN_STYLE = Automatic;
				DEVELOPMENT_TEAM = G4K3J435AS;
				INFOPLIST_FILE = SocialMediaAppUITests/Info.plist;
				LD_RUNPATH_SEARCH_PATHS = (
					"$(inherited)",
					"@executable_path/Frameworks",
					"@loader_path/Frameworks",
				);
				PRODUCT_BUNDLE_IDENTIFIER = test.SocialMediaAppUITests;
				PRODUCT_NAME = "$(TARGET_NAME)";
				SWIFT_VERSION = 5.0;
				TARGETED_DEVICE_FAMILY = "1,2";
				TEST_TARGET_NAME = SocialMediaApp;
			};
			name = Release;
		};
/* End XCBuildConfiguration section */

/* Begin XCConfigurationList section */
		1D8EBA4F24364CBB009EB9F3 /* Build configuration list for PBXProject "SocialMediaApp" */ = {
			isa = XCConfigurationList;
			buildConfigurations = (
				1D8EBA7C24364CBE009EB9F3 /* Debug */,
				1D8EBA7D24364CBE009EB9F3 /* Release */,
			);
			defaultConfigurationIsVisible = 0;
			defaultConfigurationName = Release;
		};
		1D8EBA7E24364CBE009EB9F3 /* Build configuration list for PBXNativeTarget "SocialMediaApp" */ = {
			isa = XCConfigurationList;
			buildConfigurations = (
				1D8EBA7F24364CBE009EB9F3 /* Debug */,
				1D8EBA8024364CBE009EB9F3 /* Release */,
			);
			defaultConfigurationIsVisible = 0;
			defaultConfigurationName = Release;
		};
		1D8EBA8124364CBE009EB9F3 /* Build configuration list for PBXNativeTarget "SocialMediaAppTests" */ = {
			isa = XCConfigurationList;
			buildConfigurations = (
				1D8EBA8224364CBE009EB9F3 /* Debug */,
				1D8EBA8324364CBE009EB9F3 /* Release */,
			);
			defaultConfigurationIsVisible = 0;
			defaultConfigurationName = Release;
		};
		1D8EBA8424364CBE009EB9F3 /* Build configuration list for PBXNativeTarget "SocialMediaAppUITests" */ = {
			isa = XCConfigurationList;
			buildConfigurations = (
				1D8EBA8524364CBE009EB9F3 /* Debug */,
				1D8EBA8624364CBE009EB9F3 /* Release */,
			);
			defaultConfigurationIsVisible = 0;
			defaultConfigurationName = Release;
		};
/* End XCConfigurationList section */
	};
	rootObject = 1D8EBA4C24364CBB009EB9F3 /* Project object */;
}
